// !$*UTF8*$!
{
	archiveVersion = 1;
	classes = {
	};
	objectVersion = 46;
	objects = {

/* Begin PBXBuildFile section */
		2A963FE31E37214A00B68D77 /* RestKit.framework in Frameworks */ = {isa = PBXBuildFile; fileRef = 2A963FE01E37214A00B68D77 /* RestKit.framework */; };
		2A963FE41E37214A00B68D77 /* SpeechToTextV1.framework in Frameworks */ = {isa = PBXBuildFile; fileRef = 2A963FE11E37214A00B68D77 /* SpeechToTextV1.framework */; };
		2A963FE51E37214A00B68D77 /* TextToSpeechV1.framework in Frameworks */ = {isa = PBXBuildFile; fileRef = 2A963FE21E37214A00B68D77 /* TextToSpeechV1.framework */; };
		2A963FE61E37214F00B68D77 /* RestKit.framework in CopyFiles */ = {isa = PBXBuildFile; fileRef = 2A963FE01E37214A00B68D77 /* RestKit.framework */; settings = {ATTRIBUTES = (CodeSignOnCopy, RemoveHeadersOnCopy, ); }; };
		2A963FE71E37214F00B68D77 /* SpeechToTextV1.framework in CopyFiles */ = {isa = PBXBuildFile; fileRef = 2A963FE11E37214A00B68D77 /* SpeechToTextV1.framework */; settings = {ATTRIBUTES = (CodeSignOnCopy, RemoveHeadersOnCopy, ); }; };
		2A963FE81E37214F00B68D77 /* TextToSpeechV1.framework in CopyFiles */ = {isa = PBXBuildFile; fileRef = 2A963FE21E37214A00B68D77 /* TextToSpeechV1.framework */; settings = {ATTRIBUTES = (CodeSignOnCopy, RemoveHeadersOnCopy, ); }; };
		2AC875711E372795008E5F70 /* Constants.swift in Sources */ = {isa = PBXBuildFile; fileRef = 2AC875701E372795008E5F70 /* Constants.swift */; };
		2AE1D9981E37196800F198E3 /* AppDelegate.swift in Sources */ = {isa = PBXBuildFile; fileRef = 2AE1D9971E37196800F198E3 /* AppDelegate.swift */; };
		2AE1D99A1E37196800F198E3 /* MainVC.swift in Sources */ = {isa = PBXBuildFile; fileRef = 2AE1D9991E37196800F198E3 /* MainVC.swift */; };
		2AE1D99D1E37196800F198E3 /* Main.storyboard in Resources */ = {isa = PBXBuildFile; fileRef = 2AE1D99B1E37196800F198E3 /* Main.storyboard */; };
		2AE1D99F1E37196800F198E3 /* Assets.xcassets in Resources */ = {isa = PBXBuildFile; fileRef = 2AE1D99E1E37196800F198E3 /* Assets.xcassets */; };
		2AE1D9A21E37196800F198E3 /* LaunchScreen.storyboard in Resources */ = {isa = PBXBuildFile; fileRef = 2AE1D9A01E37196800F198E3 /* LaunchScreen.storyboard */; };
		9BA76E52040E5D2769529095 /* Pods_RobotDemo.framework in Frameworks */ = {isa = PBXBuildFile; fileRef = 2FDA8D2625607610CBFA7F6D /* Pods_RobotDemo.framework */; };
/* End PBXBuildFile section */

/* Begin PBXCopyFilesBuildPhase section */
		2A332F171E371A4000B7725A /* CopyFiles */ = {
			isa = PBXCopyFilesBuildPhase;
			buildActionMask = 2147483647;
			dstPath = "";
			dstSubfolderSpec = 10;
			files = (
				2A963FE61E37214F00B68D77 /* RestKit.framework in CopyFiles */,
				2A963FE71E37214F00B68D77 /* SpeechToTextV1.framework in CopyFiles */,
				2A963FE81E37214F00B68D77 /* TextToSpeechV1.framework in CopyFiles */,
			);
			runOnlyForDeploymentPostprocessing = 0;
		};
/* End PBXCopyFilesBuildPhase section */

/* Begin PBXFileReference section */
		2A963FE01E37214A00B68D77 /* RestKit.framework */ = {isa = PBXFileReference; lastKnownFileType = wrapper.framework; path = RestKit.framework; sourceTree = "<group>"; };
		2A963FE11E37214A00B68D77 /* SpeechToTextV1.framework */ = {isa = PBXFileReference; lastKnownFileType = wrapper.framework; path = SpeechToTextV1.framework; sourceTree = "<group>"; };
		2A963FE21E37214A00B68D77 /* TextToSpeechV1.framework */ = {isa = PBXFileReference; lastKnownFileType = wrapper.framework; path = TextToSpeechV1.framework; sourceTree = "<group>"; };
		2AC875701E372795008E5F70 /* Constants.swift */ = {isa = PBXFileReference; fileEncoding = 4; lastKnownFileType = sourcecode.swift; path = Constants.swift; sourceTree = "<group>"; };
		2AE1D9941E37196800F198E3 /* RobotDemo.app */ = {isa = PBXFileReference; explicitFileType = wrapper.application; includeInIndex = 0; path = RobotDemo.app; sourceTree = BUILT_PRODUCTS_DIR; };
		2AE1D9971E37196800F198E3 /* AppDelegate.swift */ = {isa = PBXFileReference; lastKnownFileType = sourcecode.swift; path = AppDelegate.swift; sourceTree = "<group>"; };
		2AE1D9991E37196800F198E3 /* MainVC.swift */ = {isa = PBXFileReference; lastKnownFileType = sourcecode.swift; path = MainVC.swift; sourceTree = "<group>"; };
		2AE1D99C1E37196800F198E3 /* Base */ = {isa = PBXFileReference; lastKnownFileType = file.storyboard; name = Base; path = Base.lproj/Main.storyboard; sourceTree = "<group>"; };
		2AE1D99E1E37196800F198E3 /* Assets.xcassets */ = {isa = PBXFileReference; lastKnownFileType = folder.assetcatalog; path = Assets.xcassets; sourceTree = "<group>"; };
		2AE1D9A11E37196800F198E3 /* Base */ = {isa = PBXFileReference; lastKnownFileType = file.storyboard; name = Base; path = Base.lproj/LaunchScreen.storyboard; sourceTree = "<group>"; };
		2AE1D9A31E37196800F198E3 /* Info.plist */ = {isa = PBXFileReference; lastKnownFileType = text.plist.xml; path = Info.plist; sourceTree = "<group>"; };
		2FDA8D2625607610CBFA7F6D /* Pods_RobotDemo.framework */ = {isa = PBXFileReference; explicitFileType = wrapper.framework; includeInIndex = 0; path = Pods_RobotDemo.framework; sourceTree = BUILT_PRODUCTS_DIR; };
		5B50DDE87FA7D441FE2460F0 /* Pods-RobotDemo.debug.xcconfig */ = {isa = PBXFileReference; includeInIndex = 1; lastKnownFileType = text.xcconfig; name = "Pods-RobotDemo.debug.xcconfig"; path = "Pods/Target Support Files/Pods-RobotDemo/Pods-RobotDemo.debug.xcconfig"; sourceTree = "<group>"; };
		93A434B8F5092896E745478B /* Pods-RobotDemo.release.xcconfig */ = {isa = PBXFileReference; includeInIndex = 1; lastKnownFileType = text.xcconfig; name = "Pods-RobotDemo.release.xcconfig"; path = "Pods/Target Support Files/Pods-RobotDemo/Pods-RobotDemo.release.xcconfig"; sourceTree = "<group>"; };
/* End PBXFileReference section */

/* Begin PBXFrameworksBuildPhase section */
		2AE1D9911E37196700F198E3 /* Frameworks */ = {
			isa = PBXFrameworksBuildPhase;
			buildActionMask = 2147483647;
			files = (
				9BA76E52040E5D2769529095 /* Pods_RobotDemo.framework in Frameworks */,
				2A963FE31E37214A00B68D77 /* RestKit.framework in Frameworks */,
				2A963FE41E37214A00B68D77 /* SpeechToTextV1.framework in Frameworks */,
				2A963FE51E37214A00B68D77 /* TextToSpeechV1.framework in Frameworks */,
			);
			runOnlyForDeploymentPostprocessing = 0;
		};
/* End PBXFrameworksBuildPhase section */

/* Begin PBXGroup section */
		2A332F101E371A1E00B7725A /* Frameworks */ = {
			isa = PBXGroup;
			children = (
				2A963FE01E37214A00B68D77 /* RestKit.framework */,
				2A963FE11E37214A00B68D77 /* SpeechToTextV1.framework */,
				2A963FE21E37214A00B68D77 /* TextToSpeechV1.framework */,
			);
			name = Frameworks;
			sourceTree = "<group>";
		};
		2A332F1B1E371A6D00B7725A /* Controller */ = {
			isa = PBXGroup;
			children = (
			);
			name = Controller;
			sourceTree = "<group>";
		};
		2A332F1C1E371A8300B7725A /* View */ = {
			isa = PBXGroup;
			children = (
				2AE1D9991E37196800F198E3 /* MainVC.swift */,
			);
			name = View;
			sourceTree = "<group>";
		};
		2A332F1D1E371A8600B7725A /* Model */ = {
			isa = PBXGroup;
			children = (
				2AC875701E372795008E5F70 /* Constants.swift */,
			);
			name = Model;
			sourceTree = "<group>";
		};
		2AE1D98B1E37196700F198E3 = {
			isa = PBXGroup;
			children = (
				2AE1D9961E37196800F198E3 /* RobotDemo */,
				2AE1D9951E37196800F198E3 /* Products */,
				E045E3E1872DD4DC27A220CD /* Pods */,
				8BB4EF19FCB06B50DAFC016C /* Frameworks */,
			);
			sourceTree = "<group>";
		};
		2AE1D9951E37196800F198E3 /* Products */ = {
			isa = PBXGroup;
			children = (
				2AE1D9941E37196800F198E3 /* RobotDemo.app */,
			);
			name = Products;
			sourceTree = "<group>";
		};
		2AE1D9961E37196800F198E3 /* RobotDemo */ = {
			isa = PBXGroup;
			children = (
				2A332F1D1E371A8600B7725A /* Model */,
				2A332F1C1E371A8300B7725A /* View */,
				2A332F1B1E371A6D00B7725A /* Controller */,
				2A332F101E371A1E00B7725A /* Frameworks */,
				2AE1D9971E37196800F198E3 /* AppDelegate.swift */,
				2AE1D99B1E37196800F198E3 /* Main.storyboard */,
				2AE1D99E1E37196800F198E3 /* Assets.xcassets */,
				2AE1D9A01E37196800F198E3 /* LaunchScreen.storyboard */,
				2AE1D9A31E37196800F198E3 /* Info.plist */,
			);
			path = RobotDemo;
			sourceTree = "<group>";
		};
		8BB4EF19FCB06B50DAFC016C /* Frameworks */ = {
			isa = PBXGroup;
			children = (
				2FDA8D2625607610CBFA7F6D /* Pods_RobotDemo.framework */,
			);
			name = Frameworks;
			sourceTree = "<group>";
		};
		E045E3E1872DD4DC27A220CD /* Pods */ = {
			isa = PBXGroup;
			children = (
				5B50DDE87FA7D441FE2460F0 /* Pods-RobotDemo.debug.xcconfig */,
				93A434B8F5092896E745478B /* Pods-RobotDemo.release.xcconfig */,
			);
			name = Pods;
			sourceTree = "<group>";
		};
/* End PBXGroup section */

/* Begin PBXNativeTarget section */
		2AE1D9931E37196700F198E3 /* RobotDemo */ = {
			isa = PBXNativeTarget;
			buildConfigurationList = 2AE1D9A61E37196800F198E3 /* Build configuration list for PBXNativeTarget "RobotDemo" */;
			buildPhases = (
				E33F005FEE5700051EA2D981 /* [CP] Check Pods Manifest.lock */,
				2AE1D9901E37196700F198E3 /* Sources */,
				2AE1D9911E37196700F198E3 /* Frameworks */,
				2AE1D9921E37196700F198E3 /* Resources */,
				88457802AF31DE24A1FB34F5 /* [CP] Embed Pods Frameworks */,
				675DB65578E28139E03F9853 /* [CP] Copy Pods Resources */,
				2A332F171E371A4000B7725A /* CopyFiles */,
			);
			buildRules = (
			);
			dependencies = (
			);
			name = RobotDemo;
			productName = RobotDemo;
			productReference = 2AE1D9941E37196800F198E3 /* RobotDemo.app */;
			productType = "com.apple.product-type.application";
		};
/* End PBXNativeTarget section */

/* Begin PBXProject section */
		2AE1D98C1E37196700F198E3 /* Project object */ = {
			isa = PBXProject;
			attributes = {
				LastSwiftUpdateCheck = 0820;
				LastUpgradeCheck = 0820;
				ORGANIZATIONNAME = Ebubekir;
				TargetAttributes = {
					2AE1D9931E37196700F198E3 = {
						CreatedOnToolsVersion = 8.2.1;
						DevelopmentTeam = XJWFENW6EJ;
						ProvisioningStyle = Automatic;
					};
				};
			};
			buildConfigurationList = 2AE1D98F1E37196700F198E3 /* Build configuration list for PBXProject "RobotDemo" */;
			compatibilityVersion = "Xcode 3.2";
			developmentRegion = English;
			hasScannedForEncodings = 0;
			knownRegions = (
				en,
				Base,
			);
			mainGroup = 2AE1D98B1E37196700F198E3;
			productRefGroup = 2AE1D9951E37196800F198E3 /* Products */;
			projectDirPath = "";
			projectRoot = "";
			targets = (
				2AE1D9931E37196700F198E3 /* RobotDemo */,
			);
		};
/* End PBXProject section */

/* Begin PBXResourcesBuildPhase section */
		2AE1D9921E37196700F198E3 /* Resources */ = {
			isa = PBXResourcesBuildPhase;
			buildActionMask = 2147483647;
			files = (
				2AE1D9A21E37196800F198E3 /* LaunchScreen.storyboard in Resources */,
				2AE1D99F1E37196800F198E3 /* Assets.xcassets in Resources */,
				2AE1D99D1E37196800F198E3 /* Main.storyboard in Resources */,
			);
			runOnlyForDeploymentPostprocessing = 0;
		};
/* End PBXResourcesBuildPhase section */

/* Begin PBXShellScriptBuildPhase section */
		675DB65578E28139E03F9853 /* [CP] Copy Pods Resources */ = {
			isa = PBXShellScriptBuildPhase;
			buildActionMask = 2147483647;
			files = (
			);
			inputPaths = (
			);
			name = "[CP] Copy Pods Resources";
			outputPaths = (
			);
			runOnlyForDeploymentPostprocessing = 0;
			shellPath = /bin/sh;
			shellScript = "\"${SRCROOT}/Pods/Target Support Files/Pods-RobotDemo/Pods-RobotDemo-resources.sh\"\n";
			showEnvVarsInLog = 0;
		};
		88457802AF31DE24A1FB34F5 /* [CP] Embed Pods Frameworks */ = {
			isa = PBXShellScriptBuildPhase;
			buildActionMask = 2147483647;
			files = (
			);
			inputPaths = (
			);
			name = "[CP] Embed Pods Frameworks";
			outputPaths = (
			);
			runOnlyForDeploymentPostprocessing = 0;
			shellPath = /bin/sh;
			shellScript = "\"${SRCROOT}/Pods/Target Support Files/Pods-RobotDemo/Pods-RobotDemo-frameworks.sh\"\n";
			showEnvVarsInLog = 0;
		};
		E33F005FEE5700051EA2D981 /* [CP] Check Pods Manifest.lock */ = {
			isa = PBXShellScriptBuildPhase;
			buildActionMask = 2147483647;
			files = (
			);
			inputPaths = (
			);
			name = "[CP] Check Pods Manifest.lock";
			outputPaths = (
			);
			runOnlyForDeploymentPostprocessing = 0;
			shellPath = /bin/sh;
			shellScript = "diff \"${PODS_ROOT}/../Podfile.lock\" \"${PODS_ROOT}/Manifest.lock\" > /dev/null\nif [ $? != 0 ] ; then\n    # print error to STDERR\n    echo \"error: The sandbox is not in sync with the Podfile.lock. Run 'pod install' or update your CocoaPods installation.\" >&2\n    exit 1\nfi\n";
			showEnvVarsInLog = 0;
		};
/* End PBXShellScriptBuildPhase section */

/* Begin PBXSourcesBuildPhase section */
		2AE1D9901E37196700F198E3 /* Sources */ = {
			isa = PBXSourcesBuildPhase;
			buildActionMask = 2147483647;
			files = (
				2AE1D99A1E37196800F198E3 /* MainVC.swift in Sources */,
				2AE1D9981E37196800F198E3 /* AppDelegate.swift in Sources */,
				2AC875711E372795008E5F70 /* Constants.swift in Sources */,
			);
			runOnlyForDeploymentPostprocessing = 0;
		};
/* End PBXSourcesBuildPhase section */

/* Begin PBXVariantGroup section */
		2AE1D99B1E37196800F198E3 /* Main.storyboard */ = {
			isa = PBXVariantGroup;
			children = (
				2AE1D99C1E37196800F198E3 /* Base */,
			);
			name = Main.storyboard;
			sourceTree = "<group>";
		};
		2AE1D9A01E37196800F198E3 /* LaunchScreen.storyboard */ = {
			isa = PBXVariantGroup;
			children = (
				2AE1D9A11E37196800F198E3 /* Base */,
			);
			name = LaunchScreen.storyboard;
			sourceTree = "<group>";
		};
/* End PBXVariantGroup section */

/* Begin XCBuildConfiguration section */
		2AE1D9A41E37196800F198E3 /* Debug */ = {
			isa = XCBuildConfiguration;
			buildSettings = {
				ALWAYS_SEARCH_USER_PATHS = NO;
				CLANG_ANALYZER_NONNULL = YES;
				CLANG_CXX_LANGUAGE_STANDARD = "gnu++0x";
				CLANG_CXX_LIBRARY = "libc++";
				CLANG_ENABLE_MODULES = YES;
				CLANG_ENABLE_OBJC_ARC = YES;
				CLANG_WARN_BOOL_CONVERSION = YES;
				CLANG_WARN_CONSTANT_CONVERSION = YES;
				CLANG_WARN_DIRECT_OBJC_ISA_USAGE = YES_ERROR;
				CLANG_WARN_DOCUMENTATION_COMMENTS = YES;
				CLANG_WARN_EMPTY_BODY = YES;
				CLANG_WARN_ENUM_CONVERSION = YES;
				CLANG_WARN_INFINITE_RECURSION = YES;
				CLANG_WARN_INT_CONVERSION = YES;
				CLANG_WARN_OBJC_ROOT_CLASS = YES_ERROR;
				CLANG_WARN_SUSPICIOUS_MOVE = YES;
				CLANG_WARN_UNREACHABLE_CODE = YES;
				CLANG_WARN__DUPLICATE_METHOD_MATCH = YES;
				"CODE_SIGN_IDENTITY[sdk=iphoneos*]" = "iPhone Developer";
				COPY_PHASE_STRIP = NO;
				DEBUG_INFORMATION_FORMAT = dwarf;
				ENABLE_STRICT_OBJC_MSGSEND = YES;
				ENABLE_TESTABILITY = YES;
				GCC_C_LANGUAGE_STANDARD = gnu99;
				GCC_DYNAMIC_NO_PIC = NO;
				GCC_NO_COMMON_BLOCKS = YES;
				GCC_OPTIMIZATION_LEVEL = 0;
				GCC_PREPROCESSOR_DEFINITIONS = (
					"DEBUG=1",
					"$(inherited)",
				);
				GCC_WARN_64_TO_32_BIT_CONVERSION = YES;
				GCC_WARN_ABOUT_RETURN_TYPE = YES_ERROR;
				GCC_WARN_UNDECLARED_SELECTOR = YES;
				GCC_WARN_UNINITIALIZED_AUTOS = YES_AGGRESSIVE;
				GCC_WARN_UNUSED_FUNCTION = YES;
				GCC_WARN_UNUSED_VARIABLE = YES;
				IPHONEOS_DEPLOYMENT_TARGET = 10.2;
				MTL_ENABLE_DEBUG_INFO = YES;
				ONLY_ACTIVE_ARCH = YES;
				SDKROOT = iphoneos;
				SWIFT_ACTIVE_COMPILATION_CONDITIONS = DEBUG;
				SWIFT_OPTIMIZATION_LEVEL = "-Onone";
			};
			name = Debug;
		};
		2AE1D9A51E37196800F198E3 /* Release */ = {
			isa = XCBuildConfiguration;
			buildSettings = {
				ALWAYS_SEARCH_USER_PATHS = NO;
				CLANG_ANALYZER_NONNULL = YES;
				CLANG_CXX_LANGUAGE_STANDARD = "gnu++0x";
				CLANG_CXX_LIBRARY = "libc++";
				CLANG_ENABLE_MODULES = YES;
				CLANG_ENABLE_OBJC_ARC = YES;
				CLANG_WARN_BOOL_CONVERSION = YES;
				CLANG_WARN_CONSTANT_CONVERSION = YES;
				CLANG_WARN_DIRECT_OBJC_ISA_USAGE = YES_ERROR;
				CLANG_WARN_DOCUMENTATION_COMMENTS = YES;
				CLANG_WARN_EMPTY_BODY = YES;
				CLANG_WARN_ENUM_CONVERSION = YES;
				CLANG_WARN_INFINITE_RECURSION = YES;
				CLANG_WARN_INT_CONVERSION = YES;
				CLANG_WARN_OBJC_ROOT_CLASS = YES_ERROR;
				CLANG_WARN_SUSPICIOUS_MOVE = YES;
				CLANG_WARN_UNREACHABLE_CODE = YES;
				CLANG_WARN__DUPLICATE_METHOD_MATCH = YES;
				"CODE_SIGN_IDENTITY[sdk=iphoneos*]" = "iPhone Developer";
				COPY_PHASE_STRIP = NO;
				DEBUG_INFORMATION_FORMAT = "dwarf-with-dsym";
				ENABLE_NS_ASSERTIONS = NO;
				ENABLE_STRICT_OBJC_MSGSEND = YES;
				GCC_C_LANGUAGE_STANDARD = gnu99;
				GCC_NO_COMMON_BLOCKS = YES;
				GCC_WARN_64_TO_32_BIT_CONVERSION = YES;
				GCC_WARN_ABOUT_RETURN_TYPE = YES_ERROR;
				GCC_WARN_UNDECLARED_SELECTOR = YES;
				GCC_WARN_UNINITIALIZED_AUTOS = YES_AGGRESSIVE;
				GCC_WARN_UNUSED_FUNCTION = YES;
				GCC_WARN_UNUSED_VARIABLE = YES;
				IPHONEOS_DEPLOYMENT_TARGET = 10.2;
				MTL_ENABLE_DEBUG_INFO = NO;
				SDKROOT = iphoneos;
				SWIFT_OPTIMIZATION_LEVEL = "-Owholemodule";
				VALIDATE_PRODUCT = YES;
			};
			name = Release;
		};
		2AE1D9A71E37196800F198E3 /* Debug */ = {
			isa = XCBuildConfiguration;
			baseConfigurationReference = 5B50DDE87FA7D441FE2460F0 /* Pods-RobotDemo.debug.xcconfig */;
			buildSettings = {
				ALWAYS_EMBED_SWIFT_STANDARD_LIBRARIES = YES;
				ASSETCATALOG_COMPILER_APPICON_NAME = AppIcon;
				DEVELOPMENT_TEAM = XJWFENW6EJ;
				FRAMEWORK_SEARCH_PATHS = (
					"$(inherited)",
					"$(PROJECT_DIR)/RobotDemo",
				);
				INFOPLIST_FILE = RobotDemo/Info.plist;
				LD_RUNPATH_SEARCH_PATHS = "$(inherited) @executable_path/Frameworks";
				PRODUCT_BUNDLE_IDENTIFIER = ebubekirogden.RobotDemo;
				PRODUCT_NAME = "$(TARGET_NAME)";
				SWIFT_VERSION = 3.0;
			};
			name = Debug;
		};
		2AE1D9A81E37196800F198E3 /* Release */ = {
			isa = XCBuildConfiguration;
			baseConfigurationReference = 93A434B8F5092896E745478B /* Pods-RobotDemo.release.xcconfig */;
			buildSettings = {
				ALWAYS_EMBED_SWIFT_STANDARD_LIBRARIES = YES;
				ASSETCATALOG_COMPILER_APPICON_NAME = AppIcon;
				DEVELOPMENT_TEAM = XJWFENW6EJ;
				FRAMEWORK_SEARCH_PATHS = (
					"$(inherited)",
					"$(PROJECT_DIR)/RobotDemo",
				);
				INFOPLIST_FILE = RobotDemo/Info.plist;
				LD_RUNPATH_SEARCH_PATHS = "$(inherited) @executable_path/Frameworks";
				PRODUCT_BUNDLE_IDENTIFIER = ebubekirogden.RobotDemo;
				PRODUCT_NAME = "$(TARGET_NAME)";
				SWIFT_VERSION = 3.0;
			};
			name = Release;
		};
/* End XCBuildConfiguration section */

/* Begin XCConfigurationList section */
		2AE1D98F1E37196700F198E3 /* Build configuration list for PBXProject "RobotDemo" */ = {
			isa = XCConfigurationList;
			buildConfigurations = (
				2AE1D9A41E37196800F198E3 /* Debug */,
				2AE1D9A51E37196800F198E3 /* Release */,
			);
			defaultConfigurationIsVisible = 0;
			defaultConfigurationName = Release;
		};
		2AE1D9A61E37196800F198E3 /* Build configuration list for PBXNativeTarget "RobotDemo" */ = {
			isa = XCConfigurationList;
			buildConfigurations = (
				2AE1D9A71E37196800F198E3 /* Debug */,
				2AE1D9A81E37196800F198E3 /* Release */,
			);
			defaultConfigurationIsVisible = 0;
			defaultConfigurationName = Release;
		};
/* End XCConfigurationList section */
	};
	rootObject = 2AE1D98C1E37196700F198E3 /* Project object */;
}
